{
  "name": "cursor-runpod-deploy",
  "version": "1.0.0",
  "lockfileVersion": 3,
  "requires": true,
  "packages": {
    "": {
      "name": "cursor-runpod-deploy",
      "version": "1.0.0",
      "license": "MIT",
      "workspaces": [
        "tools/runpod-mcp"
      ],
      "bin": {
        "runpod-deploy": "deploy.js"
      },
      "devDependencies": {},
      "engines": {
        "node": ">=18"
      }
    },
    "node_modules/@runpod/mcp-deploy": {
      "resolved": "tools/runpod-mcp",
      "link": true
    },
    "tools/runpod-mcp": {
      "name": "@runpod/mcp-deploy",
      "version": "0.1.0",
      "dependencies": {
        "@modelcontextprotocol/sdk": "^0.5.0",
        "jszip": "^3.10.1",
        "node-fetch": "^3.3.2"
      },
      "devDependencies": {
        "@types/node": "^20.0.0",
        "typescript": "^5.5.0"
      },
      "engines": {
        "node": ">=18.0.0"
      }
    },
    "tools/runpod-mcp/node_modules/@modelcontextprotocol/sdk": {
      "version": "0.5.0",
      "license": "MIT",
      "dependencies": {
        "content-type": "^1.0.5",
        "raw-body": "^3.0.0",
        "zod": "^3.23.8"
      }
    },
    "tools/runpod-mcp/node_modules/@types/node": {
      "version": "20.19.9",
      "dev": true,
      "license": "MIT",
      "dependencies": {
        "undici-types": "~6.21.0"
      }
    },
    "tools/runpod-mcp/node_modules/bytes": {
      "version": "3.1.2",
      "license": "MIT",
      "engines": {
        "node": ">= 0.8"
      }
    },
    "tools/runpod-mcp/node_modules/content-type": {
      "version": "1.0.5",
      "license": "MIT",
      "engines": {
        "node": ">= 0.6"
      }
    },
    "tools/runpod-mcp/node_modules/core-util-is": {
      "version": "1.0.3",
      "license": "MIT"
    },
    "tools/runpod-mcp/node_modules/data-uri-to-buffer": {
      "version": "4.0.1",
      "license": "MIT",
      "engines": {
        "node": ">= 12"
      }
    },
    "tools/runpod-mcp/node_modules/depd": {
      "version": "2.0.0",
      "license": "MIT",
      "engines": {
        "node": ">= 0.8"
      }
    },
    "tools/runpod-mcp/node_modules/fetch-blob": {
      "version": "3.2.0",
      "funding": [
        {
          "type": "github",
          "url": "https://github.com/sponsors/jimmywarting"
        },
        {
          "type": "paypal",
          "url": "https://paypal.me/jimmywarting"
        }
      ],
      "license": "MIT",
      "dependencies": {
        "node-domexception": "^1.0.0",
        "web-streams-polyfill": "^3.0.3"
      },
      "engines": {
        "node": "^12.20 || >= 14.13"
      }
    },
    "tools/runpod-mcp/node_modules/formdata-polyfill": {
      "version": "4.0.10",
      "license": "MIT",
      "dependencies": {
        "fetch-blob": "^3.1.2"
      },
      "engines": {
        "node": ">=12.20.0"
      }
    },
    "tools/runpod-mcp/node_modules/http-errors": {
      "version": "2.0.0",
      "license": "MIT",
      "dependencies": {
        "depd": "2.0.0",
        "inherits": "2.0.4",
        "setprototypeof": "1.2.0",
        "statuses": "2.0.1",
        "toidentifier": "1.0.1"
      },
      "engines": {
        "node": ">= 0.8"
      }
    },
    "tools/runpod-mcp/node_modules/iconv-lite": {
      "version": "0.6.3",
      "license": "MIT",
      "dependencies": {
        "safer-buffer": ">= 2.1.2 < 3.0.0"
      },
      "engines": {
        "node": ">=0.10.0"
      }
    },
    "tools/runpod-mcp/node_modules/immediate": {
      "version": "3.0.6",
      "license": "MIT"
    },
    "tools/runpod-mcp/node_modules/inherits": {
      "version": "2.0.4",
      "license": "ISC"
    },
    "tools/runpod-mcp/node_modules/isarray": {
      "version": "1.0.0",
      "license": "MIT"
    },
    "tools/runpod-mcp/node_modules/jszip": {
      "version": "3.10.1",
      "license": "(MIT OR GPL-3.0-or-later)",
      "dependencies": {
        "lie": "~3.3.0",
        "pako": "~1.0.2",
        "readable-stream": "~2.3.6",
        "setimmediate": "^1.0.5"
      }
    },
    "tools/runpod-mcp/node_modules/lie": {
      "version": "3.3.0",
      "license": "MIT",
      "dependencies": {
        "immediate": "~3.0.5"
      }
    },
    "tools/runpod-mcp/node_modules/node-domexception": {
      "version": "1.0.0",
      "funding": [
        {
          "type": "github",
          "url": "https://github.com/sponsors/jimmywarting"
        },
        {
          "type": "github",
          "url": "https://paypal.me/jimmywarting"
        }
      ],
      "license": "MIT",
      "engines": {
        "node": ">=10.5.0"
      }
    },
    "tools/runpod-mcp/node_modules/node-fetch": {
      "version": "3.3.2",
      "license": "MIT",
      "dependencies": {
        "data-uri-to-buffer": "^4.0.0",
        "fetch-blob": "^3.1.4",
        "formdata-polyfill": "^4.0.10"
      },
      "engines": {
        "node": "^12.20.0 || ^14.13.1 || >=16.0.0"
      },
      "funding": {
        "type": "opencollective",
        "url": "https://opencollective.com/node-fetch"
      }
    },
    "tools/runpod-mcp/node_modules/pako": {
      "version": "1.0.11",
      "license": "(MIT AND Zlib)"
    },
    "tools/runpod-mcp/node_modules/process-nextick-args": {
      "version": "2.0.1",
      "license": "MIT"
    },
    "tools/runpod-mcp/node_modules/raw-body": {
      "version": "3.0.0",
      "license": "MIT",
      "dependencies": {
        "bytes": "3.1.2",
        "http-errors": "2.0.0",
        "iconv-lite": "0.6.3",
        "unpipe": "1.0.0"
      },
      "engines": {
        "node": ">= 0.8"
      }
    },
    "tools/runpod-mcp/node_modules/readable-stream": {
      "version": "2.3.8",
      "license": "MIT",
      "dependencies": {
        "core-util-is": "~1.0.0",
        "inherits": "~2.0.3",
        "isarray": "~1.0.0",
        "process-nextick-args": "~2.0.0",
        "safe-buffer": "~5.1.1",
        "string_decoder": "~1.1.1",
        "util-deprecate": "~1.0.1"
      }
    },
    "tools/runpod-mcp/node_modules/safe-buffer": {
      "version": "5.1.2",
      "license": "MIT"
    },
    "tools/runpod-mcp/node_modules/safer-buffer": {
      "version": "2.1.2",
      "license": "MIT"
    },
    "tools/runpod-mcp/node_modules/setimmediate": {
      "version": "1.0.5",
      "license": "MIT"
    },
    "tools/runpod-mcp/node_modules/setprototypeof": {
      "version": "1.2.0",
      "license": "ISC"
    },
    "tools/runpod-mcp/node_modules/statuses": {
      "version": "2.0.1",
      "license": "MIT",
      "engines": {
        "node": ">= 0.8"
      }
    },
    "tools/runpod-mcp/node_modules/string_decoder": {
      "version": "1.1.1",
      "license": "MIT",
      "dependencies": {
        "safe-buffer": "~5.1.0"
      }
    },
    "tools/runpod-mcp/node_modules/toidentifier": {
      "version": "1.0.1",
      "license": "MIT",
      "engines": {
        "node": ">=0.6"
      }
    },
    "tools/runpod-mcp/node_modules/typescript": {
      "version": "5.9.2",
      "dev": true,
      "license": "Apache-2.0",
      "bin": {
        "tsc": "bin/tsc",
        "tsserver": "bin/tsserver"
      },
      "engines": {
        "node": ">=14.17"
      }
    },
    "tools/runpod-mcp/node_modules/undici-types": {
      "version": "6.21.0",
      "dev": true,
      "license": "MIT"
    },
    "tools/runpod-mcp/node_modules/unpipe": {
      "version": "1.0.0",
      "license": "MIT",
      "engines": {
        "node": ">= 0.8"
      }
    },
    "tools/runpod-mcp/node_modules/util-deprecate": {
      "version": "1.0.2",
      "license": "MIT"
    },
    "tools/runpod-mcp/node_modules/web-streams-polyfill": {
      "version": "3.3.3",
      "license": "MIT",
      "engines": {
        "node": ">= 8"
      }
    },
    "tools/runpod-mcp/node_modules/zod": {
      "version": "3.25.76",
      "license": "MIT",
      "funding": {
        "url": "https://github.com/sponsors/colinhacks"
      }
    }
  }
}
